bazil.org/fuse v0.0.0-20160811212531-371fbbdaa898/go.mod h1:Xbm+BRKSBEpa4q4hTSxohYNQpsxXPbPry4JJWOB3LB8=
github.com/Azure/azure-pipeline-go v0.0.0-20180607212504-7571e8eb0876/go.mod h1:XA1kFWRVhSK+KNFiOhfv83Fv8L9achrP7OxIzeTn1Yg=
github.com/Azure/azure-storage-blob-go v0.0.0-20180712005634-eaae161d9d5e/go.mod h1:x2mtS6O3mnMEZOJp7d7oldh8IvatBrMfReiyQ+cKgKY=
github.com/StackExchange/wmi v0.0.0-20180116203802-5d049714c4a6/go.mod h1:3eOhrUMpNV+6aFIbp5/iudMxNCF27Vw2OZgy4xEx0Fg=
github.com/aristanetworks/goarista v0.0.0-20170210015632-ea17b1a17847 h1:rtI0fD4oG/8eVokGVPYJEW1F88p1ZNgXiEIs9thEE4A=
github.com/aristanetworks/goarista v0.0.0-20170210015632-ea17b1a17847/go.mod h1:D/tb0zPVXnP7fmsLZjtdUhSsumbK/ij54UXjjVgMGxQ=
github.com/btcsuite/btcutil v0.0.0-20190425235716-9e5f4b9a998d h1:yJzD/yFppdVCf6ApMkVy8cUxV0XrxdP9rVf6D87/Mng=
github.com/btcsuite/btcutil v0.0.0-20190425235716-9e5f4b9a998d/go.mod h1:+5NJ2+qvTyV9exUAL/rxXi3DcLg2Ts+ymUAY5y4NvMg=
github.com/cespare/cp v0.1.0/go.mod h1:SOGHArjBr4JWaSDEVpWpo/hNg6RoKrls6Oh40hiwW+s=
github.com/codahale/hdrhistogram v0.0.0-20161010025455-3a0bb77429bd/go.mod h1:sE/e/2PUdi/liOCUjSTXgM1o87ZssimdTWN964YiIeI=
github.com/davecgh/go-spew v1.1.0 h1:ZDRjVQ15GmhC3fiQ8ni8+OwkZQO4DARzQgrnXU1Liz8=
github.com/davecgh/go-spew v1.1.0/go.mod h1:J7Y8YcW2NihsgmVo/mv3lAwl/skON4iLHjSsI+c5H38=
github.com/deckarep/golang-set v0.0.0-20180603214616-504e848d77ea h1:j4317fAZh7X6GqbFowYdYdI0L9bwxL07jyPZIdepyZ0=
github.com/deckarep/golang-set v0.0.0-20180603214616-504e848d77ea/go.mod h1:93vsz/8Wt4joVM7c2AVqh+YRMiUSc14yDtF28KmMOgQ=
github.com/dgrijalva/jwt-go v3.0.1-0.20170201225849-2268707a8f08+incompatible/go.mod h1:E3ru+11k8xSBh+hMPgOLZmtrrCbhqsmaPHjLKYnJCaQ=
github.com/docker/docker v17.12.0-ce-rc1.0.20180625184442-8e610b2b55bf+incompatible/go.mod h1:eEKB0N0r5NX/I1kEveEz05bcu8tLC/8azJZsviup8Sk=
github.com/edsrzf/mmap-go v0.0.0-20160512033002-935e0e8a636c h1:JHHhtb9XWJrGNMcrVP6vyzO4dusgi/HnceHTgxSejUM=
github.com/edsrzf/mmap-go v0.0.0-20160512033002-935e0e8a636c/go.mod h1:YO35OhQPt3KJa3ryjFM5Bs14WD66h8eGKpfaBNrHW5M=
github.com/elastic/gosigar v0.8.1-0.20180330100440-37f05ff46ffa h1:XKAhUk/dtp+CV0VO6mhG2V7jA9vbcGcnYF/Ay9NjZrY=
github.com/elastic/gosigar v0.8.1-0.20180330100440-37f05ff46ffa/go.mod h1:cdorVVzy1fhmEqmtgqkoE3bYtCfSCkVyjTyCIo22xvs=
github.com/fatih/color v1.3.0 h1:YehCCcyeQ6Km0D6+IapqPinWBK6y+0eB5umvZXK9WPs=
github.com/fatih/color v1.3.0/go.mod h1:Zm6kSWBoL9eyXnKyktHP6abPY2pDugNf5KwzbycvMj4=
github.com/fjl/memsize v0.0.0-20180418122429-ca190fb6ffbc h1:jtW8jbpkO4YirRSyepBOH8E+2HEw6/hKkBvFPwhUN8c=
github.com/fjl/memsize v0.0.0-20180418122429-ca190fb6ffbc/go.mod h1:VvhXpOYNQvB+uIk2RvXzuaQtkQJzzIx6lSBe1xv7hi0=
github.com/gizak/termui v2.2.1-0.20170117222342-991cd3d38091+incompatible h1:opetNB+OO9qymCnrSBGZPPKuQMMYBcyrzEYiOB+RrHM=
github.com/gizak/termui v2.2.1-0.20170117222342-991cd3d38091+incompatible/go.mod h1:PkJoWUt/zacQKysNfQtcw1RW+eK2SxkieVBtl+4ovLA=
github.com/go-ole/go-ole v1.2.1/go.mod h1:7FAglXiTm7HKlQRDeOQ6ZNUHidzCWXuZWq/1dTyBNF8=
github.com/go-stack/stack v1.5.4 h1:ACUuwAbOuCKT3mK+Az9UrqaSheA8lDWOfm0+ZT62NHY=
github.com/go-stack/stack v1.5.4/go.mod h1:v0f6uXyyMGvRgIKkXu+yp6POWl0qKG85gN/melR3HDY=
github.com/golang/protobuf v0.0.0-20170726212829-748d386b5c1e/go.mod h1:6lQm79b+lXiMfvg/cZm0SGofjICqVBUtrP5yJMmIC1U=
github.com/golang/snappy v0.0.0-20170215233205-553a64147049 h1:K9KHZbXKpGydfDN0aZrsoHpLJlZsBrGMFWbgLDGnPZk=
github.com/golang/snappy v0.0.0-20170215233205-553a64147049/go.mod h1:/XxbfmMg8lxefKM7IXC3fBNl/7bRcc72aCRzEWrmP2Q=
github.com/gosuri/uilive v0.0.1 h1:zoIHF8lwKuZbNdJ38YtOJxY7tdskYNuQ2DoaxtneJ9A=
github.com/gosuri/uilive v0.0.1/go.mod h1:qkLSc0A5EXSP6B04TrN4oQoxqFI7A8XvoXSlJi8cwk8=
github.com/gosuri/uiprogress v0.0.1 h1:0kpv/XY/qTmFWl/SkaJykZXrBBzwwadmW8fRb7RJSxw=
github.com/gosuri/uiprogress v0.0.1/go.mod h1:C1RTYn4Sc7iEyf6j8ft5dyoZ4212h8G1ol9QQluh5+0=
github.com/hashicorp/golang-lru v0.0.0-20160813221303-0a025b7e63ad h1:eMxs9EL0PvIGS9TTtxg4R+JxuPGav82J8rA+GFnY7po=
github.com/hashicorp/golang-lru v0.0.0-20160813221303-0a025b7e63ad/go.mod h1:/m3WP610KZHVQ1SGc6re/UDhFvYD7pJ4Ao+sR/qLZy8=
github.com/huin/goupnp v0.0.0-20161224104101-679507af18f3 h1:DqD8eigqlUm0+znmx7zhL0xvTW3+e1jCekJMfBUADWI=
github.com/huin/goupnp v0.0.0-20161224104101-679507af18f3/go.mod h1:MZ2ZmwcBpvOoJ22IJsc7va19ZwoheaBk43rKg12SKag=
github.com/influxdata/influxdb v1.2.3-0.20180221223340-01288bdb0883 h1:FSeK4fZCo8u40n2JMnyAsd6x7+SbvoOMHvQOU/n10P4=
github.com/influxdata/influxdb v1.2.3-0.20180221223340-01288bdb0883/go.mod h1:qZna6X/4elxqT3yI9iZYdZrWWdeFOOprn86kgg4+IzY=
github.com/jackpal/go-nat-pmp v1.0.2-0.20160603034137-1fa385a6f458 h1:6OvNmYgJyexcZ3pYbTI9jWx5tHo1Dee/tWbLMfPe2TA=
github.com/jackpal/go-nat-pmp v1.0.2-0.20160603034137-1fa385a6f458/go.mod h1:QPH045xvCAeXUZOxsnwmrtiCoxIr9eob+4orBN1SBKc=
github.com/julienschmidt/httprouter v1.1.1-0.20170430222011-975b5c4c7c21/go.mod h1:SYymIcj16QtmaHHD7aYtjjsJG7VTCxuUUipMqKk8s4w=
github.com/karalabe/hid v0.0.0-20170821103837-f00545f9f374/go.mod h1:YvbcH+3Wo6XPs9nkgTY3u19KXLauXW+J5nB7hEHuX0A=
github.com/maruel/panicparse v0.0.0-20160720141634-ad661195ed0e h1:e2z/lz9pvtRrEOgKWaLW2Dw02Nqd3/fqv0qWTQ8ByZE=
github.com/maruel/panicparse v0.0.0-20160720141634-ad661195ed0e/go.mod h1:nty42YY5QByNC5MM7q/nj938VbgPU7avs45z6NClpxI=
github.com/mattn/go-colorable v0.0.8-0.20170210172801-5411d3eea597 h1:Zw9aNQ5CQ3SERpCiZrPh4vdWcBWogoEd5m8AFf2QWVs=
github.com/mattn/go-colorable v0.0.8-0.20170210172801-5411d3eea597/go.mod h1:9vuHe8Xs5qXnSaW/c/ABM9alt+Vo+STaOChaDxuIBZU=
github.com/mattn/go-isatty v0.0.0-20170209175615-281032e84ae0 h1:JLUbVYpqwcGU61ko/+cMUY2lAPs+H+34cMwWNe7o8WY=
github.com/mattn/go-isatty v0.0.0-20170209175615-281032e84ae0/go.mod h1:M+lRXTBqGeGNdLjl/ufCoiOlB5xdOkqRJdNxMWT7Zi4=
github.com/mattn/go-runewidth v0.0.3-0.20170201023540-14207d285c6c h1:jQ6tSGsM/2TGhmbzHl9wXDtm2YjZDAfMsHyxaBDwywA=
github.com/mattn/go-runewidth v0.0.3-0.20170201023540-14207d285c6c/go.mod h1:LwmH8dsx7+W8Uxz3IHJYH5QSwggIsqBzpuz5H//U1FU=
github.com/mitchellh/go-wordwrap v0.0.0-20150314170334-ad45545899c7 h1:DpOJ2HYzCv8LZP15IdmG+YdwD2luVPHITV96TkirNBM=
github.com/mitchellh/go-wordwrap v0.0.0-20150314170334-ad45545899c7/go.mod h1:ZXFpozHsX6DPmq2I0TCekCxypsnAUbP2oI0UX1GXzOo=
github.com/mohae/deepcopy v0.0.0-20170929034955-c48cc78d4826 h1:RWengNIwukTxcDr9M+97sNutRR1RKhG96O6jWumTTnw=
github.com/mohae/deepcopy v0.0.0-20170929034955-c48cc78d4826/go.mod h1:TaXosZuwdSHYgviHp1DAtfrULt5eUgsSMsZf+YrPgl8=
github.com/naoina/go-stringutil v0.1.0 h1:rCUeRUHjBjGTSHl0VC00jUPLz8/F9dDzYI70Hzifhks=
github.com/naoina/go-stringutil v0.1.0/go.mod h1:XJ2SJL9jCtBh+P9q5btrd/Ylo8XwT/h1USek5+NqSA0=
github.com/naoina/toml v0.1.2-0.20170918210437-9fafd6967416 h1:shk/vn9oCoOTmwcouEdwIeOtOGA/ELRUw/GwvxwfT+0=
github.com/naoina/toml v0.1.2-0.20170918210437-9fafd6967416/go.mod h1:NBIhNtsFMo3G2szEBne+bO4gS192HuIYRqfvOWb4i1E=
github.com/nsf/termbox-go v0.0.0-20170211012700-3540b76b9c77 h1:gKl78uP/I7JZ56OFtRf7nc4m1icV38hwV0In5pEGzeA=
github.com/nsf/termbox-go v0.0.0-20170211012700-3540b76b9c77/go.mod h1:IuKpRQcYE1Tfu+oAQqaLisqDeXgjyyltCfsaoYN18NQ=
github.com/olekukonko/tablewriter v0.0.0-20170128050532-febf2d34b54a/go.mod h1:vsDQFd/mU46D+Z4whnwzcISnGGzXWMclvtLoiIKAKIo=
github.com/opentracing/opentracing-go v1.0.3-0.20180606204148-bd9c31933947/go.mod h1:UkNAQd3GIcIGf0SeVgPpRdFStlNbqXla1AfSYxPUl2o=
github.com/pborman/uuid v0.0.0-20170112150404-1b00554d8222 h1:goeTyGkArOZIVOMA0dQbyuPWGNQJZGPwPu/QS9GlpnA=
github.com/pborman/uuid v0.0.0-20170112150404-1b00554d8222/go.mod h1:VyrYX9gd7irzKovcSS6BIIEwPRkP2Wm2m9ufcdFSJ34=
github.com/peterh/liner v1.0.1-0.20170902204657-a37ad3984311 h1:IQrJrnseUVEdTXQpnWjks3LRNuYyydpK+A4k6oYXYHk=
github.com/peterh/liner v1.0.1-0.20170902204657-a37ad3984311/go.mod h1:xIteQHvHuaLYG9IFj6mSxM0fCKrs34IrEQUhOYuGPHc=
github.com/pkg/errors v0.8.1-0.20171216070316-e881fd58d78e h1:osn9cOzd93npXpRuTFR/MPjiTvTSNHA7pqbXkPyLqQ4=
github.com/pkg/errors v0.8.1-0.20171216070316-e881fd58d78e/go.mod h1:bwawxfHBFNV+L2hUp1rHADufV3IMtnDRdf1r5NINEl0=
github.com/pmezard/go-difflib v1.0.0/go.mod h1:iKH77koFhYxTK1pcRnkKkqfTogsbg7gZNVY4sRDYZ/4=
github.com/prometheus/prometheus v1.7.2-0.20170814170113-3101606756c5 h1:K2PKeDFZidfjUWpXk05Gbxhwm8Rnz1l4O+u/bbbcCvc=
github.com/prometheus/prometheus v1.7.2-0.20170814170113-3101606756c5/go.mod h1:oAIUtOny2rjMX0OWN5vPR5/q/twIROJvdqnQKDdil/s=
github.com/rjeczalik/notify v0.9.1 h1:CLCKso/QK1snAlnhNR/CNvNiFU2saUtjV0bx3EwNeCE=
github.com/rjeczalik/notify v0.9.1/go.mod h1:rKwnCoCGeuQnwBtTSPL9Dad03Vh2n40ePRrjvIXnJho=
github.com/robertkrimen/otto v0.0.0-20170205013659-6a77b7cbc37d h1:ouzpe+YhpIfnjR40gSkJHWsvXmB6TiPKqMtMpfyU9DE=
github.com/robertkrimen/otto v0.0.0-20170205013659-6a77b7cbc37d/go.mod h1:xvqspoSXJTIpemEonrMDFq6XzwHYYgToXWj5eRX1OtY=
github.com/robfig/cron v1.2.0 h1:ZjScXvvxeQ63Dbyxy76Fj3AT3Ut0aKsyd2/tl3DTMuQ=
github.com/robfig/cron v1.2.0/go.mod h1:JGuDeoQd7Z6yL4zQhZ3OPEVHB7fL6Ka6skscFHfmt2k=
github.com/rs/cors v0.0.0-20160617231935-a62a804a8a00 h1:8DPul/X0IT/1TNMIxoKLwdemEOBBHDC/K4EB16Cw5WE=
github.com/rs/cors v0.0.0-20160617231935-a62a804a8a00/go.mod h1:gFx+x8UowdsKA9AchylcLynDq+nNFfI8FkUZdN/jGCU=
github.com/rs/xhandler v0.0.0-20160618193221-ed27b6fd6521 h1:3hxavr+IHMsQBrYUPQM5v0CgENFktkkbg1sfpgM3h20=
github.com/rs/xhandler v0.0.0-20160618193221-ed27b6fd6521/go.mod h1:RvLn4FgxWubrpZHtQLnOf6EwhN2hEMusxZOhcW9H3UQ=
github.com/stretchr/testify v1.1.5-0.20170809224252-890a5c3458b4/go.mod h1:a8OnRcib4nhh0OaRAV+Yts87kKdq0PP7pXfy6kDkUVs=
github.com/syndtr/goleveldb v0.0.0-20180708030551-c4c61651e9e3 h1:sAlSBRDl4psFR3ysKXRSE8ss6Mt90+ma1zRTroTNBJA=
github.com/syndtr/goleveldb v0.0.0-20180708030551-c4c61651e9e3/go.mod h1:Z4AUp2Km+PwemOoO/VB5AOx9XSsIItzFjoJlOSiYmn0=
github.com/tyler-smith/go-bip39 v1.0.1-0.20181017060643-dbb3b84ba2ef h1:wHSqTBrZW24CsNJDfeh9Ex6Pm0Rcpc7qrgKBiL44vF4=
github.com/tyler-smith/go-bip39 v1.0.1-0.20181017060643-dbb3b84ba2ef/go.mod h1:sJ5fKU0s6JVwZjjcUEX2zFOnvq0ASQ2K9Zr6cf67kNs=
github.com/uber/jaeger-client-go v2.14.1-0.20180607151842-f7e0d4744fa6+incompatible/go.mod h1:WVhlPFC8FDjOFMMWRy2pZqQJSXxYSwNYOkTr/Z6d3Kk=
github.com/uber/jaeger-lib v1.5.1-0.20180615202729-a51202d6f4a7/go.mod h1:ComeNDZlWwrWnDv8aPp0Ba6+uUTzImX/AauajbLI56U=
golang.org/x/crypto v0.0.0-20171108091819-6a293f2d4b14 h1:zZpc/2lPMz1dJJQXHILHatH4bsh0vdDRwweWSHHbfuA=
golang.org/x/crypto v0.0.0-20171108091819-6a293f2d4b14/go.mod h1:6SG95UA2DQfeDnfUPMdvaQW0Q7yPrPDi9nlGo2tz2b4=
golang.org/x/net v0.0.0-20180112015858-5ccada7d0a7b h1:Xu6Gf1IrU0c8CSJqWR43Bh8vb+Ft3jVIUahRiqL1oaI=
golang.org/x/net v0.0.0-20180112015858-5ccada7d0a7b/go.mod h1:mL1N/T3taQHkDXs73rZJwtUhF3w3ftmwwsq0BUmARs4=
golang.org/x/sync v0.0.0-20170517211232-f52d1811a629/go.mod h1:RxMgew5VJxzue5/jJTE5uejpjVlOe/izrB70Jof72aM=
golang.org/x/sys v0.0.0-20171110072704-1e2299c37cc9 h1:LRRcaqNAXmlmNmT+Q2u9z+iEf5+Y+S1Ea9MNwGxOc98=
golang.org/x/sys v0.0.0-20171110072704-1e2299c37cc9/go.mod h1:STP8DvDyc/dI5b8T5hshtkjS+E42TnysNCUPdjciGhY=
golang.org/x/text v0.3.1-0.20171227012246-e19ae1496984 h1:4S3Dic2vY09agWhKAjYa6buMB7HsLkVrliEHZclmmSU=
golang.org/x/text v0.3.1-0.20171227012246-e19ae1496984/go.mod h1:NqM8EUOU14njkJ3fqMW+pc6Ldnwhi/IjpwHt7yyuwOQ=
golang.org/x/tools v0.0.0-20170215214335-be0fcc31ae23/go.mod h1:n7NCudcB/nEzxVGmLbDWY5pfWTLqBcC2KZ6jyYvM4mQ=
gopkg.in/bsm/ratelimit.v1 v1.0.0-20160220154919-db14e161995a/go.mod h1:KF9sEfUPAXdG8Oev9e99iLGnl2uJMjc5B+4y3O7x610=
gopkg.in/check.v1 v1.0.0-20161208181325-20d25e280405/go.mod h1:Co6ibVJAznAaIkqp8huTwlJQCZ016jof/cbN4VW5Yz0=
gopkg.in/karalabe/cookiejar.v2 v2.0.0-20150724131613-8dcd6a7f4951 h1:DMTcQRFbEH62YPRWwOI647s2e5mHda3oBPMHfrLs2bw=
gopkg.in/karalabe/cookiejar.v2 v2.0.0-20150724131613-8dcd6a7f4951/go.mod h1:owOxCRGGeAx1uugABik6K9oeNu1cgxP/R9ItzLDxNWA=
gopkg.in/natefinch/npipe.v2 v2.0.0-20160621034901-c1b8fa8bdcce/go.mod h1:5AcXVHNjg+BDxry382+8OKon8SEWiKktQR07RKPsv1c=
gopkg.in/olebedev/go-duktape.v3 v3.0.0-20180302121509-abf0ba0be5d5 h1:VWXVtmkY4YFVuF1FokZ0PUsuvtx3Di6z/m47daSP5f0=
gopkg.in/olebedev/go-duktape.v3 v3.0.0-20180302121509-abf0ba0be5d5/go.mod h1:uAJfkITjFhyEEuUfm7bsmCZRbW5WRq8s9EY8HZ6hCns=
gopkg.in/redis.v3 v3.6.4/go.mod h1:6XeGv/CrsUFDU9aVbUdNykN7k1zVmoeg83KC9RbQfiU=
gopkg.in/sourcemap.v1 v1.0.5 h1:inv58fC9f9J3TK2Y2R1NPntXEn3/wjWHkonhIUODNTI=
gopkg.in/sourcemap.v1 v1.0.5/go.mod h1:2RlvNNSMglmRrcvhfuzp4hQHwOtjxlbjX7UPY/GXb78=
gopkg.in/urfave/cli.v1 v1.20.0 h1:NdAVW6RYxDif9DhDHaAortIu956m2c0v+09AZBPTbE0=
gopkg.in/urfave/cli.v1 v1.20.0/go.mod h1:vuBzUtMdQeixQj8LVd+/98pzhxNGQoyuPBlsXHOQNO0=
